
Microsoft Visual Studio Solution File, Format Version 12.00
# Visual Studio Version 17
VisualStudioVersion = 17.0.32014.148
MinimumVisualStudioVersion = 10.0.40219.1
Project("{9A19103F-16F7-4668-BE54-9A1E7A4F7556}") = "PAC.Producao", "src-cap\PAC.Producao\PAC.Producao.csproj", "{60B07ADF-D326-4336-97E7-1D9133CDF495}"
EndProject
Project("{9A19103F-16F7-4668-BE54-9A1E7A4F7556}") = "PAC.RH", "src-cap\PAC.RH\PAC.RH.csproj", "{57B17EC9-29E1-4A81-8568-EE14D23D9661}"
EndProject
Project("{9A19103F-16F7-4668-BE54-9A1E7A4F7556}") = "PAC.Shared", "src-cap\PAC.Shared\PAC.Shared.csproj", "{1BBD3D66-6043-49C8-AD87-7F3E053D8623}"
EndProject
Project("{9A19103F-16F7-4668-BE54-9A1E7A4F7556}") = "PAC.Vendas", "src-cap\PAC.Vendas\PAC.Vendas.csproj", "{3E00C2E0-AF74-4DAA-BE76-01ABFE5F122B}"
EndProject
Global
	GlobalSection(SolutionConfigurationPlatforms) = preSolution
		Debug|Any CPU = Debug|Any CPU
		Release|Any CPU = Release|Any CPU
	EndGlobalSection
	GlobalSection(ProjectConfigurationPlatforms) = postSolution
		{60B07ADF-D326-4336-97E7-1D9133CDF495}.Debug|Any CPU.ActiveCfg = Debug|Any CPU
		{60B07ADF-D326-4336-97E7-1D9133CDF495}.Debug|Any CPU.Build.0 = Debug|Any CPU
		{60B07ADF-D326-4336-97E7-1D9133CDF495}.Release|Any CPU.ActiveCfg = Release|Any CPU
		{60B07ADF-D326-4336-97E7-1D9133CDF495}.Release|Any CPU.Build.0 = Release|Any CPU
		{57B17EC9-29E1-4A81-8568-EE14D23D9661}.Debug|Any CPU.ActiveCfg = Debug|Any CPU
		{57B17EC9-29E1-4A81-8568-EE14D23D9661}.Debug|Any CPU.Build.0 = Debug|Any CPU
		{57B17EC9-29E1-4A81-8568-EE14D23D9661}.Release|Any CPU.ActiveCfg = Release|Any CPU
		{57B17EC9-29E1-4A81-8568-EE14D23D9661}.Release|Any CPU.Build.0 = Release|Any CPU
		{1BBD3D66-6043-49C8-AD87-7F3E053D8623}.Debug|Any CPU.ActiveCfg = Debug|Any CPU
		{1BBD3D66-6043-49C8-AD87-7F3E053D8623}.Debug|Any CPU.Build.0 = Debug|Any CPU
		{1BBD3D66-6043-49C8-AD87-7F3E053D8623}.Release|Any CPU.ActiveCfg = Release|Any CPU
		{1BBD3D66-6043-49C8-AD87-7F3E053D8623}.Release|Any CPU.Build.0 = Release|Any CPU
		{3E00C2E0-AF74-4DAA-BE76-01ABFE5F122B}.Debug|Any CPU.ActiveCfg = Debug|Any CPU
		{3E00C2E0-AF74-4DAA-BE76-01ABFE5F122B}.Debug|Any CPU.Build.0 = Debug|Any CPU
		{3E00C2E0-AF74-4DAA-BE76-01ABFE5F122B}.Release|Any CPU.ActiveCfg = Release|Any CPU
		{3E00C2E0-AF74-4DAA-BE76-01ABFE5F122B}.Release|Any CPU.Build.0 = Release|Any CPU
	EndGlobalSection
	GlobalSection(SolutionProperties) = preSolution
		HideSolutionNode = FALSE
	EndGlobalSection
	GlobalSection(ExtensibilityGlobals) = postSolution
		SolutionGuid = {536FAEE1-C1BB-41F0-95F9-67342C535108}
	EndGlobalSection
EndGlobal
